PODS:
  - NavigationKit (0.0.2)

DEPENDENCIES:
  - NavigationKit (from `https://github.com/salah-mohammed/NavigationKit.git`)

EXTERNAL SOURCES:
  NavigationKit:
    :git: https://github.com/salah-mohammed/NavigationKit.git

CHECKOUT OPTIONS:
  NavigationKit:
    :commit: bed312eea550f346f01be216ec67ce6ed8329e90
    :git: https://github.com/salah-mohammed/NavigationKit.git

SPEC CHECKSUMS:
  NavigationKit: 82ece38cd849e4bd85674e65e0b0a88c951846ec

PODFILE CHECKSUM: a77a093a21556891f5d090ec6453cdeaa1f566c1

COCOAPODS: 1.9.1
